// !$*UTF8*$!
{
	archiveVersion = 1;
	classes = {
	};
	objectVersion = 46;
	objects = {

/* Begin PBXBuildFile section */
		8F53BD141614F1E2000B868E /* UIKit.framework in Frameworks */ = {isa = PBXBuildFile; fileRef = 8F53BD131614F1E2000B868E /* UIKit.framework */; };
		8F53BD161614F1E2000B868E /* Foundation.framework in Frameworks */ = {isa = PBXBuildFile; fileRef = 8F53BD151614F1E2000B868E /* Foundation.framework */; };
		8F53BD181614F1E2000B868E /* CoreGraphics.framework in Frameworks */ = {isa = PBXBuildFile; fileRef = 8F53BD171614F1E2000B868E /* CoreGraphics.framework */; };
		8F53BD1E1614F1E2000B868E /* InfoPlist.strings in Resources */ = {isa = PBXBuildFile; fileRef = 8F53BD1C1614F1E2000B868E /* InfoPlist.strings */; };
		8F53BD201614F1E2000B868E /* main.m in Sources */ = {isa = PBXBuildFile; fileRef = 8F53BD1F1614F1E2000B868E /* main.m */; };
		8F53BD241614F1E2000B868E /* BIDAppDelegate.m in Sources */ = {isa = PBXBuildFile; fileRef = 8F53BD231614F1E2000B868E /* BIDAppDelegate.m */; };
		8F53BD271614F1E2000B868E /* BIDViewController.m in Sources */ = {isa = PBXBuildFile; fileRef = 8F53BD261614F1E2000B868E /* BIDViewController.m */; };
		8F53BD2A1614F1E2000B868E /* BIDViewController.xib in Resources */ = {isa = PBXBuildFile; fileRef = 8F53BD281614F1E2000B868E /* BIDViewController.xib */; };
/* End PBXBuildFile section */

/* Begin PBXFileReference section */
		8F53BD0F1614F1E2000B868E /* Button Fun.app */ = {isa = PBXFileReference; explicitFileType = wrapper.application; includeInIndex = 0; path = "Button Fun.app"; sourceTree = BUILT_PRODUCTS_DIR; };
		8F53BD131614F1E2000B868E /* UIKit.framework */ = {isa = PBXFileReference; lastKnownFileType = wrapper.framework; name = UIKit.framework; path = System/Library/Frameworks/UIKit.framework; sourceTree = SDKROOT; };
		8F53BD151614F1E2000B868E /* Foundation.framework */ = {isa = PBXFileReference; lastKnownFileType = wrapper.framework; name = Foundation.framework; path = System/Library/Frameworks/Foundation.framework; sourceTree = SDKROOT; };
		8F53BD171614F1E2000B868E /* CoreGraphics.framework */ = {isa = PBXFileReference; lastKnownFileType = wrapper.framework; name = CoreGraphics.framework; path = System/Library/Frameworks/CoreGraphics.framework; sourceTree = SDKROOT; };
		8F53BD1B1614F1E2000B868E /* Button Fun-Info.plist */ = {isa = PBXFileReference; lastKnownFileType = text.plist.xml; path = "Button Fun-Info.plist"; sourceTree = "<group>"; };
		8F53BD1D1614F1E2000B868E /* en */ = {isa = PBXFileReference; lastKnownFileType = text.plist.strings; name = en; path = en.lproj/InfoPlist.strings; sourceTree = "<group>"; };
		8F53BD1F1614F1E2000B868E /* main.m */ = {isa = PBXFileReference; lastKnownFileType = sourcecode.c.objc; path = main.m; sourceTree = "<group>"; };
		8F53BD211614F1E2000B868E /* Button Fun-Prefix.pch */ = {isa = PBXFileReference; lastKnownFileType = sourcecode.c.h; path = "Button Fun-Prefix.pch"; sourceTree = "<group>"; };
		8F53BD221614F1E2000B868E /* BIDAppDelegate.h */ = {isa = PBXFileReference; lastKnownFileType = sourcecode.c.h; path = BIDAppDelegate.h; sourceTree = "<group>"; };
		8F53BD231614F1E2000B868E /* BIDAppDelegate.m */ = {isa = PBXFileReference; lastKnownFileType = sourcecode.c.objc; path = BIDAppDelegate.m; sourceTree = "<group>"; };
		8F53BD251614F1E2000B868E /* BIDViewController.h */ = {isa = PBXFileReference; lastKnownFileType = sourcecode.c.h; path = BIDViewController.h; sourceTree = "<group>"; };
		8F53BD261614F1E2000B868E /* BIDViewController.m */ = {isa = PBXFileReference; lastKnownFileType = sourcecode.c.objc; path = BIDViewController.m; sourceTree = "<group>"; };
		8F53BD291614F1E2000B868E /* en */ = {isa = PBXFileReference; lastKnownFileType = file.xib; name = en; path = en.lproj/BIDViewController.xib; sourceTree = "<group>"; };
/* End PBXFileReference section */

/* Begin PBXFrameworksBuildPhase section */
		8F53BD0C1614F1E2000B868E /* Frameworks */ = {
			isa = PBXFrameworksBuildPhase;
			buildActionMask = 2147483647;
			files = (
				8F53BD141614F1E2000B868E /* UIKit.framework in Frameworks */,
				8F53BD161614F1E2000B868E /* Foundation.framework in Frameworks */,
				8F53BD181614F1E2000B868E /* CoreGraphics.framework in Frameworks */,
			);
			runOnlyForDeploymentPostprocessing = 0;
		};
/* End PBXFrameworksBuildPhase section */

/* Begin PBXGroup section */
		8F53BD041614F1E2000B868E = {
			isa = PBXGroup;
			children = (
				8F53BD191614F1E2000B868E /* Button Fun */,
				8F53BD121614F1E2000B868E /* Frameworks */,
				8F53BD101614F1E2000B868E /* Products */,
			);
			sourceTree = "<group>";
		};
		8F53BD101614F1E2000B868E /* Products */ = {
			isa = PBXGroup;
			children = (
				8F53BD0F1614F1E2000B868E /* Button Fun.app */,
			);
			name = Products;
			sourceTree = "<group>";
		};
		8F53BD121614F1E2000B868E /* Frameworks */ = {
			isa = PBXGroup;
			children = (
				8F53BD131614F1E2000B868E /* UIKit.framework */,
				8F53BD151614F1E2000B868E /* Foundation.framework */,
				8F53BD171614F1E2000B868E /* CoreGraphics.framework */,
			);
			name = Frameworks;
			sourceTree = "<group>";
		};
		8F53BD191614F1E2000B868E /* Button Fun */ = {
			isa = PBXGroup;
			children = (
				8F53BD221614F1E2000B868E /* BIDAppDelegate.h */,
				8F53BD231614F1E2000B868E /* BIDAppDelegate.m */,
				8F53BD251614F1E2000B868E /* BIDViewController.h */,
				8F53BD261614F1E2000B868E /* BIDViewController.m */,
				8F53BD281614F1E2000B868E /* BIDViewController.xib */,
				8F53BD1A1614F1E2000B868E /* Supporting Files */,
			);
			path = "Button Fun";
			sourceTree = "<group>";
		};
		8F53BD1A1614F1E2000B868E /* Supporting Files */ = {
			isa = PBXGroup;
			children = (
				8F53BD1B1614F1E2000B868E /* Button Fun-Info.plist */,
				8F53BD1C1614F1E2000B868E /* InfoPlist.strings */,
				8F53BD1F1614F1E2000B868E /* main.m */,
				8F53BD211614F1E2000B868E /* Button Fun-Prefix.pch */,
			);
			name = "Supporting Files";
			sourceTree = "<group>";
		};
/* End PBXGroup section */

/* Begin PBXNativeTarget section */
		8F53BD0E1614F1E2000B868E /* Button Fun */ = {
			isa = PBXNativeTarget;
			buildConfigurationList = 8F53BD2D1614F1E2000B868E /* Build configuration list for PBXNativeTarget "Button Fun" */;
			buildPhases = (
				8F53BD0B1614F1E2000B868E /* Sources */,
				8F53BD0C1614F1E2000B868E /* Frameworks */,
				8F53BD0D1614F1E2000B868E /* Resources */,
			);
			buildRules = (
			);
			dependencies = (
			);
			name = "Button Fun";
			productName = "Button Fun";
			productReference = 8F53BD0F1614F1E2000B868E /* Button Fun.app */;
			productType = "com.apple.product-type.application";
		};
/* End PBXNativeTarget section */

/* Begin PBXProject section */
		8F53BD061614F1E2000B868E /* Project object */ = {
			isa = PBXProject;
			attributes = {
				CLASSPREFIX = BID;
				LastUpgradeCheck = 0440;
				ORGANIZATIONNAME = com.Apress;
			};
			buildConfigurationList = 8F53BD091614F1E2000B868E /* Build configuration list for PBXProject "Button Fun" */;
			compatibilityVersion = "Xcode 3.2";
			developmentRegion = English;
			hasScannedForEncodings = 0;
			knownRegions = (
				en,
			);
			mainGroup = 8F53BD041614F1E2000B868E;
			productRefGroup = 8F53BD101614F1E2000B868E /* Products */;
			projectDirPath = "";
			projectRoot = "";
			targets = (
				8F53BD0E1614F1E2000B868E /* Button Fun */,
			);
		};
/* End PBXProject section */

/* Begin PBXResourcesBuildPhase section */
		8F53BD0D1614F1E2000B868E /* Resources */ = {
			isa = PBXResourcesBuildPhase;
			buildActionMask = 2147483647;
			files = (
				8F53BD1E1614F1E2000B868E /* InfoPlist.strings in Resources */,
				8F53BD2A1614F1E2000B868E /* BIDViewController.xib in Resources */,
			);
			runOnlyForDeploymentPostprocessing = 0;
		};
/* End PBXResourcesBuildPhase section */

/* Begin PBXSourcesBuildPhase section */
		8F53BD0B1614F1E2000B868E /* Sources */ = {
			isa = PBXSourcesBuildPhase;
			buildActionMask = 2147483647;
			files = (
				8F53BD201614F1E2000B868E /* main.m in Sources */,
				8F53BD241614F1E2000B868E /* BIDAppDelegate.m in Sources */,
				8F53BD271614F1E2000B868E /* BIDViewController.m in Sources */,
			);
			runOnlyForDeploymentPostprocessing = 0;
		};
/* End PBXSourcesBuildPhase section */

/* Begin PBXVariantGroup section */
		8F53BD1C1614F1E2000B868E /* InfoPlist.strings */ = {
			isa = PBXVariantGroup;
			children = (
				8F53BD1D1614F1E2000B868E /* en */,
			);
			name = InfoPlist.strings;
			sourceTree = "<group>";
		};
		8F53BD281614F1E2000B868E /* BIDViewController.xib */ = {
			isa = PBXVariantGroup;
			children = (
				8F53BD291614F1E2000B868E /* en */,
			);
			name = BIDViewController.xib;
			sourceTree = "<group>";
		};
/* End PBXVariantGroup section */

/* Begin XCBuildConfiguration section */
		8F53BD2B1614F1E2000B868E /* Debug */ = {
			isa = XCBuildConfiguration;
			buildSettings = {
				ALWAYS_SEARCH_USER_PATHS = NO;
				ARCHS = "$(ARCHS_STANDARD_32_BIT)";
				CLANG_CXX_LANGUAGE_STANDARD = "gnu++0x";
				CLANG_ENABLE_OBJC_ARC = YES;
				CLANG_WARN__DUPLICATE_METHOD_MATCH = YES;
				"CODE_SIGN_IDENTITY[sdk=iphoneos*]" = "iPhone Developer";
				COPY_PHASE_STRIP = NO;
				GCC_C_LANGUAGE_STANDARD = gnu99;
				GCC_DYNAMIC_NO_PIC = NO;
				GCC_OPTIMIZATION_LEVEL = 0;
				GCC_PREPROCESSOR_DEFINITIONS = (
					"DEBUG=1",
					"$(inherited)",
				);
				GCC_SYMBOLS_PRIVATE_EXTERN = NO;
				GCC_VERSION = com.apple.compilers.llvm.clang.1_0;
				GCC_WARN_ABOUT_RETURN_TYPE = YES;
				GCC_WARN_UNINITIALIZED_AUTOS = YES;
				GCC_WARN_UNUSED_VARIABLE = YES;
				IPHONEOS_DEPLOYMENT_TARGET = 5.1;
				SDKROOT = iphoneos;
			};
			name = Debug;
		};
		8F53BD2C1614F1E2000B868E /* Release */ = {
			isa = XCBuildConfiguration;
			buildSettings = {
				ALWAYS_SEARCH_USER_PATHS = NO;
				ARCHS = "$(ARCHS_STANDARD_32_BIT)";
				CLANG_CXX_LANGUAGE_STANDARD = "gnu++0x";
				CLANG_ENABLE_OBJC_ARC = YES;
				CLANG_WARN__DUPLICATE_METHOD_MATCH = YES;
				"CODE_SIGN_IDENTITY[sdk=iphoneos*]" = "iPhone Developer";
				COPY_PHASE_STRIP = YES;
				GCC_C_LANGUAGE_STANDARD = gnu99;
				GCC_VERSION = com.apple.compilers.llvm.clang.1_0;
				GCC_WARN_ABOUT_RETURN_TYPE = YES;
				GCC_WARN_UNINITIALIZED_AUTOS = YES;
				GCC_WARN_UNUSED_VARIABLE = YES;
				IPHONEOS_DEPLOYMENT_TARGET = 5.1;
				OTHER_CFLAGS = "-DNS_BLOCK_ASSERTIONS=1";
				SDKROOT = iphoneos;
				VALIDATE_PRODUCT = YES;
			};
			name = Release;
		};
		8F53BD2E1614F1E2000B868E /* Debug */ = {
			isa = XCBuildConfiguration;
			buildSettings = {
				GCC_PRECOMPILE_PREFIX_HEADER = YES;
				GCC_PREFIX_HEADER = "Button Fun/Button Fun-Prefix.pch";
				INFOPLIST_FILE = "Button Fun/Button Fun-Info.plist";
				PRODUCT_NAME = "$(TARGET_NAME)";
				WRAPPER_EXTENSION = app;
			};
			name = Debug;
		};
		8F53BD2F1614F1E2000B868E /* Release */ = {
			isa = XCBuildConfiguration;
			buildSettings = {
				GCC_PRECOMPILE_PREFIX_HEADER = YES;
				GCC_PREFIX_HEADER = "Button Fun/Button Fun-Prefix.pch";
				INFOPLIST_FILE = "Button Fun/Button Fun-Info.plist";
				PRODUCT_NAME = "$(TARGET_NAME)";
				WRAPPER_EXTENSION = app;
			};
			name = Release;
		};
/* End XCBuildConfiguration section */

/* Begin XCConfigurationList section */
		8F53BD091614F1E2000B868E /* Build configuration list for PBXProject "Button Fun" */ = {
			isa = XCConfigurationList;
			buildConfigurations = (
				8F53BD2B1614F1E2000B868E /* Debug */,
				8F53BD2C1614F1E2000B868E /* Release */,
			);
			defaultConfigurationIsVisible = 0;
			defaultConfigurationName = Release;
		};
		8F53BD2D1614F1E2000B868E /* Build configuration list for PBXNativeTarget "Button Fun" */ = {
			isa = XCConfigurationList;
			buildConfigurations = (
				8F53BD2E1614F1E2000B868E /* Debug */,
				8F53BD2F1614F1E2000B868E /* Release */,
			);
			defaultConfigurationIsVisible = 0;
		};
/* End XCConfigurationList section */
	};
	rootObject = 8F53BD061614F1E2000B868E /* Project object */;
}
