// !$*UTF8*$!
{
	archiveVersion = 1;
	classes = {
	};
	objectVersion = 46;
	objects = {

/* Begin PBXBuildFile section */
		8F5D8D4515E2D82B0088E76E /* Foundation.framework in Frameworks */ = {isa = PBXBuildFile; fileRef = 8F5D8D4415E2D82B0088E76E /* Foundation.framework */; };
		8F5D8D4815E2D82B0088E76E /* main.m in Sources */ = {isa = PBXBuildFile; fileRef = 8F5D8D4715E2D82B0088E76E /* main.m */; };
		8F5D8D4C15E2D82B0088E76E /* Program_6_1.1 in CopyFiles */ = {isa = PBXBuildFile; fileRef = 8F5D8D4B15E2D82B0088E76E /* Program_6_1.1 */; };
/* End PBXBuildFile section */

/* Begin PBXCopyFilesBuildPhase section */
		8F5D8D3E15E2D82B0088E76E /* CopyFiles */ = {
			isa = PBXCopyFilesBuildPhase;
			buildActionMask = 2147483647;
			dstPath = /usr/share/man/man1/;
			dstSubfolderSpec = 0;
			files = (
				8F5D8D4C15E2D82B0088E76E /* Program_6_1.1 in CopyFiles */,
			);
			runOnlyForDeploymentPostprocessing = 1;
		};
/* End PBXCopyFilesBuildPhase section */

/* Begin PBXFileReference section */
		8F5D8D4015E2D82B0088E76E /* Program 6.1 */ = {isa = PBXFileReference; explicitFileType = "compiled.mach-o.executable"; includeInIndex = 0; path = "Program 6.1"; sourceTree = BUILT_PRODUCTS_DIR; };
		8F5D8D4415E2D82B0088E76E /* Foundation.framework */ = {isa = PBXFileReference; lastKnownFileType = wrapper.framework; name = Foundation.framework; path = System/Library/Frameworks/Foundation.framework; sourceTree = SDKROOT; };
		8F5D8D4715E2D82B0088E76E /* main.m */ = {isa = PBXFileReference; lastKnownFileType = sourcecode.c.objc; path = main.m; sourceTree = "<group>"; };
		8F5D8D4A15E2D82B0088E76E /* Program 6.1-Prefix.pch */ = {isa = PBXFileReference; lastKnownFileType = sourcecode.c.h; path = "Program 6.1-Prefix.pch"; sourceTree = "<group>"; };
		8F5D8D4B15E2D82B0088E76E /* Program_6_1.1 */ = {isa = PBXFileReference; lastKnownFileType = text.man; path = Program_6_1.1; sourceTree = "<group>"; };
/* End PBXFileReference section */

/* Begin PBXFrameworksBuildPhase section */
		8F5D8D3D15E2D82B0088E76E /* Frameworks */ = {
			isa = PBXFrameworksBuildPhase;
			buildActionMask = 2147483647;
			files = (
				8F5D8D4515E2D82B0088E76E /* Foundation.framework in Frameworks */,
			);
			runOnlyForDeploymentPostprocessing = 0;
		};
/* End PBXFrameworksBuildPhase section */

/* Begin PBXGroup section */
		8F5D8D3515E2D82B0088E76E = {
			isa = PBXGroup;
			children = (
				8F5D8D4615E2D82B0088E76E /* Program 6.1 */,
				8F5D8D4315E2D82B0088E76E /* Frameworks */,
				8F5D8D4115E2D82B0088E76E /* Products */,
			);
			sourceTree = "<group>";
		};
		8F5D8D4115E2D82B0088E76E /* Products */ = {
			isa = PBXGroup;
			children = (
				8F5D8D4015E2D82B0088E76E /* Program 6.1 */,
			);
			name = Products;
			sourceTree = "<group>";
		};
		8F5D8D4315E2D82B0088E76E /* Frameworks */ = {
			isa = PBXGroup;
			children = (
				8F5D8D4415E2D82B0088E76E /* Foundation.framework */,
			);
			name = Frameworks;
			sourceTree = "<group>";
		};
		8F5D8D4615E2D82B0088E76E /* Program 6.1 */ = {
			isa = PBXGroup;
			children = (
				8F5D8D4715E2D82B0088E76E /* main.m */,
				8F5D8D4B15E2D82B0088E76E /* Program_6_1.1 */,
				8F5D8D4915E2D82B0088E76E /* Supporting Files */,
			);
			path = "Program 6.1";
			sourceTree = "<group>";
		};
		8F5D8D4915E2D82B0088E76E /* Supporting Files */ = {
			isa = PBXGroup;
			children = (
				8F5D8D4A15E2D82B0088E76E /* Program 6.1-Prefix.pch */,
			);
			name = "Supporting Files";
			sourceTree = "<group>";
		};
/* End PBXGroup section */

/* Begin PBXNativeTarget section */
		8F5D8D3F15E2D82B0088E76E /* Program 6.1 */ = {
			isa = PBXNativeTarget;
			buildConfigurationList = 8F5D8D4F15E2D82B0088E76E /* Build configuration list for PBXNativeTarget "Program 6.1" */;
			buildPhases = (
				8F5D8D3C15E2D82B0088E76E /* Sources */,
				8F5D8D3D15E2D82B0088E76E /* Frameworks */,
				8F5D8D3E15E2D82B0088E76E /* CopyFiles */,
			);
			buildRules = (
			);
			dependencies = (
			);
			name = "Program 6.1";
			productName = "Program 6.1";
			productReference = 8F5D8D4015E2D82B0088E76E /* Program 6.1 */;
			productType = "com.apple.product-type.tool";
		};
/* End PBXNativeTarget section */

/* Begin PBXProject section */
		8F5D8D3715E2D82B0088E76E /* Project object */ = {
			isa = PBXProject;
			attributes = {
				LastUpgradeCheck = 0440;
				ORGANIZATIONNAME = "23 * Romanovski * 23";
			};
			buildConfigurationList = 8F5D8D3A15E2D82B0088E76E /* Build configuration list for PBXProject "Program 6.1" */;
			compatibilityVersion = "Xcode 3.2";
			developmentRegion = English;
			hasScannedForEncodings = 0;
			knownRegions = (
				en,
			);
			mainGroup = 8F5D8D3515E2D82B0088E76E;
			productRefGroup = 8F5D8D4115E2D82B0088E76E /* Products */;
			projectDirPath = "";
			projectRoot = "";
			targets = (
				8F5D8D3F15E2D82B0088E76E /* Program 6.1 */,
			);
		};
/* End PBXProject section */

/* Begin PBXSourcesBuildPhase section */
		8F5D8D3C15E2D82B0088E76E /* Sources */ = {
			isa = PBXSourcesBuildPhase;
			buildActionMask = 2147483647;
			files = (
				8F5D8D4815E2D82B0088E76E /* main.m in Sources */,
			);
			runOnlyForDeploymentPostprocessing = 0;
		};
/* End PBXSourcesBuildPhase section */

/* Begin XCBuildConfiguration section */
		8F5D8D4D15E2D82B0088E76E /* Debug */ = {
			isa = XCBuildConfiguration;
			buildSettings = {
				ALWAYS_SEARCH_USER_PATHS = NO;
				ARCHS = "$(ARCHS_STANDARD_64_BIT)";
				CLANG_CXX_LANGUAGE_STANDARD = "gnu++0x";
				CLANG_WARN__DUPLICATE_METHOD_MATCH = YES;
				COPY_PHASE_STRIP = NO;
				GCC_C_LANGUAGE_STANDARD = gnu99;
				GCC_DYNAMIC_NO_PIC = NO;
				GCC_ENABLE_OBJC_EXCEPTIONS = YES;
				GCC_OPTIMIZATION_LEVEL = 0;
				GCC_PREPROCESSOR_DEFINITIONS = (
					"DEBUG=1",
					"$(inherited)",
				);
				GCC_SYMBOLS_PRIVATE_EXTERN = NO;
				GCC_WARN_64_TO_32_BIT_CONVERSION = YES;
				GCC_WARN_ABOUT_RETURN_TYPE = YES;
				GCC_WARN_UNINITIALIZED_AUTOS = YES;
				GCC_WARN_UNUSED_VARIABLE = YES;
				MACOSX_DEPLOYMENT_TARGET = 10.7;
				ONLY_ACTIVE_ARCH = YES;
				SDKROOT = macosx;
			};
			name = Debug;
		};
		8F5D8D4E15E2D82B0088E76E /* Release */ = {
			isa = XCBuildConfiguration;
			buildSettings = {
				ALWAYS_SEARCH_USER_PATHS = NO;
				ARCHS = "$(ARCHS_STANDARD_64_BIT)";
				CLANG_CXX_LANGUAGE_STANDARD = "gnu++0x";
				CLANG_WARN__DUPLICATE_METHOD_MATCH = YES;
				COPY_PHASE_STRIP = YES;
				DEBUG_INFORMATION_FORMAT = "dwarf-with-dsym";
				GCC_C_LANGUAGE_STANDARD = gnu99;
				GCC_ENABLE_OBJC_EXCEPTIONS = YES;
				GCC_WARN_64_TO_32_BIT_CONVERSION = YES;
				GCC_WARN_ABOUT_RETURN_TYPE = YES;
				GCC_WARN_UNINITIALIZED_AUTOS = YES;
				GCC_WARN_UNUSED_VARIABLE = YES;
				MACOSX_DEPLOYMENT_TARGET = 10.7;
				SDKROOT = macosx;
			};
			name = Release;
		};
		8F5D8D5015E2D82B0088E76E /* Debug */ = {
			isa = XCBuildConfiguration;
			buildSettings = {
				GCC_PRECOMPILE_PREFIX_HEADER = YES;
				GCC_PREFIX_HEADER = "Program 6.1/Program 6.1-Prefix.pch";
				PRODUCT_NAME = "$(TARGET_NAME)";
			};
			name = Debug;
		};
		8F5D8D5115E2D82B0088E76E /* Release */ = {
			isa = XCBuildConfiguration;
			buildSettings = {
				GCC_PRECOMPILE_PREFIX_HEADER = YES;
				GCC_PREFIX_HEADER = "Program 6.1/Program 6.1-Prefix.pch";
				PRODUCT_NAME = "$(TARGET_NAME)";
			};
			name = Release;
		};
/* End XCBuildConfiguration section */

/* Begin XCConfigurationList section */
		8F5D8D3A15E2D82B0088E76E /* Build configuration list for PBXProject "Program 6.1" */ = {
			isa = XCConfigurationList;
			buildConfigurations = (
				8F5D8D4D15E2D82B0088E76E /* Debug */,
				8F5D8D4E15E2D82B0088E76E /* Release */,
			);
			defaultConfigurationIsVisible = 0;
			defaultConfigurationName = Release;
		};
		8F5D8D4F15E2D82B0088E76E /* Build configuration list for PBXNativeTarget "Program 6.1" */ = {
			isa = XCConfigurationList;
			buildConfigurations = (
				8F5D8D5015E2D82B0088E76E /* Debug */,
				8F5D8D5115E2D82B0088E76E /* Release */,
			);
			defaultConfigurationIsVisible = 0;
		};
/* End XCConfigurationList section */
	};
	rootObject = 8F5D8D3715E2D82B0088E76E /* Project object */;
}
