// !$*UTF8*$!
{
	archiveVersion = 1;
	classes = {
	};
	objectVersion = 46;
	objects = {

/* Begin PBXBuildFile section */
		8FBCED7315E3F33100340350 /* Foundation.framework in Frameworks */ = {isa = PBXBuildFile; fileRef = 8FBCED7215E3F33100340350 /* Foundation.framework */; };
		8FBCED7615E3F33100340350 /* main.m in Sources */ = {isa = PBXBuildFile; fileRef = 8FBCED7515E3F33100340350 /* main.m */; };
		8FBCED7A15E3F33100340350 /* Program_6_2.1 in CopyFiles */ = {isa = PBXBuildFile; fileRef = 8FBCED7915E3F33100340350 /* Program_6_2.1 */; };
		8FBCED8215E3F36200340350 /* Fraction.m in Sources */ = {isa = PBXBuildFile; fileRef = 8FBCED8115E3F36200340350 /* Fraction.m */; };
/* End PBXBuildFile section */

/* Begin PBXCopyFilesBuildPhase section */
		8FBCED6C15E3F33100340350 /* CopyFiles */ = {
			isa = PBXCopyFilesBuildPhase;
			buildActionMask = 2147483647;
			dstPath = /usr/share/man/man1/;
			dstSubfolderSpec = 0;
			files = (
				8FBCED7A15E3F33100340350 /* Program_6_2.1 in CopyFiles */,
			);
			runOnlyForDeploymentPostprocessing = 1;
		};
/* End PBXCopyFilesBuildPhase section */

/* Begin PBXFileReference section */
		8FBCED6E15E3F33100340350 /* Program 6.2 */ = {isa = PBXFileReference; explicitFileType = "compiled.mach-o.executable"; includeInIndex = 0; path = "Program 6.2"; sourceTree = BUILT_PRODUCTS_DIR; };
		8FBCED7215E3F33100340350 /* Foundation.framework */ = {isa = PBXFileReference; lastKnownFileType = wrapper.framework; name = Foundation.framework; path = System/Library/Frameworks/Foundation.framework; sourceTree = SDKROOT; };
		8FBCED7515E3F33100340350 /* main.m */ = {isa = PBXFileReference; lastKnownFileType = sourcecode.c.objc; path = main.m; sourceTree = "<group>"; };
		8FBCED7815E3F33100340350 /* Program 6.2-Prefix.pch */ = {isa = PBXFileReference; lastKnownFileType = sourcecode.c.h; path = "Program 6.2-Prefix.pch"; sourceTree = "<group>"; };
		8FBCED7915E3F33100340350 /* Program_6_2.1 */ = {isa = PBXFileReference; lastKnownFileType = text.man; path = Program_6_2.1; sourceTree = "<group>"; };
		8FBCED8015E3F36200340350 /* Fraction.h */ = {isa = PBXFileReference; fileEncoding = 4; lastKnownFileType = sourcecode.c.h; path = Fraction.h; sourceTree = "<group>"; };
		8FBCED8115E3F36200340350 /* Fraction.m */ = {isa = PBXFileReference; fileEncoding = 4; lastKnownFileType = sourcecode.c.objc; path = Fraction.m; sourceTree = "<group>"; };
/* End PBXFileReference section */

/* Begin PBXFrameworksBuildPhase section */
		8FBCED6B15E3F33100340350 /* Frameworks */ = {
			isa = PBXFrameworksBuildPhase;
			buildActionMask = 2147483647;
			files = (
				8FBCED7315E3F33100340350 /* Foundation.framework in Frameworks */,
			);
			runOnlyForDeploymentPostprocessing = 0;
		};
/* End PBXFrameworksBuildPhase section */

/* Begin PBXGroup section */
		8FBCED6315E3F33100340350 = {
			isa = PBXGroup;
			children = (
				8FBCED7415E3F33100340350 /* Program 6.2 */,
				8FBCED7115E3F33100340350 /* Frameworks */,
				8FBCED6F15E3F33100340350 /* Products */,
			);
			sourceTree = "<group>";
		};
		8FBCED6F15E3F33100340350 /* Products */ = {
			isa = PBXGroup;
			children = (
				8FBCED6E15E3F33100340350 /* Program 6.2 */,
			);
			name = Products;
			sourceTree = "<group>";
		};
		8FBCED7115E3F33100340350 /* Frameworks */ = {
			isa = PBXGroup;
			children = (
				8FBCED7215E3F33100340350 /* Foundation.framework */,
			);
			name = Frameworks;
			sourceTree = "<group>";
		};
		8FBCED7415E3F33100340350 /* Program 6.2 */ = {
			isa = PBXGroup;
			children = (
				8FBCED7515E3F33100340350 /* main.m */,
				8FBCED7915E3F33100340350 /* Program_6_2.1 */,
				8FBCED7715E3F33100340350 /* Supporting Files */,
				8FBCED8015E3F36200340350 /* Fraction.h */,
				8FBCED8115E3F36200340350 /* Fraction.m */,
			);
			path = "Program 6.2";
			sourceTree = "<group>";
		};
		8FBCED7715E3F33100340350 /* Supporting Files */ = {
			isa = PBXGroup;
			children = (
				8FBCED7815E3F33100340350 /* Program 6.2-Prefix.pch */,
			);
			name = "Supporting Files";
			sourceTree = "<group>";
		};
/* End PBXGroup section */

/* Begin PBXNativeTarget section */
		8FBCED6D15E3F33100340350 /* Program 6.2 */ = {
			isa = PBXNativeTarget;
			buildConfigurationList = 8FBCED7D15E3F33100340350 /* Build configuration list for PBXNativeTarget "Program 6.2" */;
			buildPhases = (
				8FBCED6A15E3F33100340350 /* Sources */,
				8FBCED6B15E3F33100340350 /* Frameworks */,
				8FBCED6C15E3F33100340350 /* CopyFiles */,
			);
			buildRules = (
			);
			dependencies = (
			);
			name = "Program 6.2";
			productName = "Program 6.2";
			productReference = 8FBCED6E15E3F33100340350 /* Program 6.2 */;
			productType = "com.apple.product-type.tool";
		};
/* End PBXNativeTarget section */

/* Begin PBXProject section */
		8FBCED6515E3F33100340350 /* Project object */ = {
			isa = PBXProject;
			attributes = {
				LastUpgradeCheck = 0440;
				ORGANIZATIONNAME = "23 * Romanovski * 23";
			};
			buildConfigurationList = 8FBCED6815E3F33100340350 /* Build configuration list for PBXProject "Program 6.2" */;
			compatibilityVersion = "Xcode 3.2";
			developmentRegion = English;
			hasScannedForEncodings = 0;
			knownRegions = (
				en,
			);
			mainGroup = 8FBCED6315E3F33100340350;
			productRefGroup = 8FBCED6F15E3F33100340350 /* Products */;
			projectDirPath = "";
			projectRoot = "";
			targets = (
				8FBCED6D15E3F33100340350 /* Program 6.2 */,
			);
		};
/* End PBXProject section */

/* Begin PBXSourcesBuildPhase section */
		8FBCED6A15E3F33100340350 /* Sources */ = {
			isa = PBXSourcesBuildPhase;
			buildActionMask = 2147483647;
			files = (
				8FBCED7615E3F33100340350 /* main.m in Sources */,
				8FBCED8215E3F36200340350 /* Fraction.m in Sources */,
			);
			runOnlyForDeploymentPostprocessing = 0;
		};
/* End PBXSourcesBuildPhase section */

/* Begin XCBuildConfiguration section */
		8FBCED7B15E3F33100340350 /* Debug */ = {
			isa = XCBuildConfiguration;
			buildSettings = {
				ALWAYS_SEARCH_USER_PATHS = NO;
				ARCHS = "$(ARCHS_STANDARD_64_BIT)";
				CLANG_CXX_LANGUAGE_STANDARD = "gnu++0x";
				CLANG_WARN__DUPLICATE_METHOD_MATCH = YES;
				COPY_PHASE_STRIP = NO;
				GCC_C_LANGUAGE_STANDARD = gnu99;
				GCC_DYNAMIC_NO_PIC = NO;
				GCC_ENABLE_OBJC_EXCEPTIONS = YES;
				GCC_OPTIMIZATION_LEVEL = 0;
				GCC_PREPROCESSOR_DEFINITIONS = (
					"DEBUG=1",
					"$(inherited)",
				);
				GCC_SYMBOLS_PRIVATE_EXTERN = NO;
				GCC_WARN_64_TO_32_BIT_CONVERSION = YES;
				GCC_WARN_ABOUT_RETURN_TYPE = YES;
				GCC_WARN_UNINITIALIZED_AUTOS = YES;
				GCC_WARN_UNUSED_VARIABLE = YES;
				MACOSX_DEPLOYMENT_TARGET = 10.7;
				ONLY_ACTIVE_ARCH = YES;
				SDKROOT = macosx;
			};
			name = Debug;
		};
		8FBCED7C15E3F33100340350 /* Release */ = {
			isa = XCBuildConfiguration;
			buildSettings = {
				ALWAYS_SEARCH_USER_PATHS = NO;
				ARCHS = "$(ARCHS_STANDARD_64_BIT)";
				CLANG_CXX_LANGUAGE_STANDARD = "gnu++0x";
				CLANG_WARN__DUPLICATE_METHOD_MATCH = YES;
				COPY_PHASE_STRIP = YES;
				DEBUG_INFORMATION_FORMAT = "dwarf-with-dsym";
				GCC_C_LANGUAGE_STANDARD = gnu99;
				GCC_ENABLE_OBJC_EXCEPTIONS = YES;
				GCC_WARN_64_TO_32_BIT_CONVERSION = YES;
				GCC_WARN_ABOUT_RETURN_TYPE = YES;
				GCC_WARN_UNINITIALIZED_AUTOS = YES;
				GCC_WARN_UNUSED_VARIABLE = YES;
				MACOSX_DEPLOYMENT_TARGET = 10.7;
				SDKROOT = macosx;
			};
			name = Release;
		};
		8FBCED7E15E3F33100340350 /* Debug */ = {
			isa = XCBuildConfiguration;
			buildSettings = {
				GCC_PRECOMPILE_PREFIX_HEADER = YES;
				GCC_PREFIX_HEADER = "Program 6.2/Program 6.2-Prefix.pch";
				PRODUCT_NAME = "$(TARGET_NAME)";
			};
			name = Debug;
		};
		8FBCED7F15E3F33100340350 /* Release */ = {
			isa = XCBuildConfiguration;
			buildSettings = {
				GCC_PRECOMPILE_PREFIX_HEADER = YES;
				GCC_PREFIX_HEADER = "Program 6.2/Program 6.2-Prefix.pch";
				PRODUCT_NAME = "$(TARGET_NAME)";
			};
			name = Release;
		};
/* End XCBuildConfiguration section */

/* Begin XCConfigurationList section */
		8FBCED6815E3F33100340350 /* Build configuration list for PBXProject "Program 6.2" */ = {
			isa = XCConfigurationList;
			buildConfigurations = (
				8FBCED7B15E3F33100340350 /* Debug */,
				8FBCED7C15E3F33100340350 /* Release */,
			);
			defaultConfigurationIsVisible = 0;
			defaultConfigurationName = Release;
		};
		8FBCED7D15E3F33100340350 /* Build configuration list for PBXNativeTarget "Program 6.2" */ = {
			isa = XCConfigurationList;
			buildConfigurations = (
				8FBCED7E15E3F33100340350 /* Debug */,
				8FBCED7F15E3F33100340350 /* Release */,
			);
			defaultConfigurationIsVisible = 0;
		};
/* End XCConfigurationList section */
	};
	rootObject = 8FBCED6515E3F33100340350 /* Project object */;
}
