// !$*UTF8*$!
{
	archiveVersion = 1;
	classes = {
	};
	objectVersion = 46;
	objects = {

/* Begin PBXBuildFile section */
		8F8E122615D43153009FCA4C /* Foundation.framework in Frameworks */ = {isa = PBXBuildFile; fileRef = 8F8E122515D43153009FCA4C /* Foundation.framework */; };
		8F8E122915D43153009FCA4C /* main.m in Sources */ = {isa = PBXBuildFile; fileRef = 8F8E122815D43153009FCA4C /* main.m */; };
		8F8E122D15D43153009FCA4C /* Program_5_2.1 in CopyFiles */ = {isa = PBXBuildFile; fileRef = 8F8E122C15D43153009FCA4C /* Program_5_2.1 */; };
/* End PBXBuildFile section */

/* Begin PBXCopyFilesBuildPhase section */
		8F8E121F15D43153009FCA4C /* CopyFiles */ = {
			isa = PBXCopyFilesBuildPhase;
			buildActionMask = 2147483647;
			dstPath = /usr/share/man/man1/;
			dstSubfolderSpec = 0;
			files = (
				8F8E122D15D43153009FCA4C /* Program_5_2.1 in CopyFiles */,
			);
			runOnlyForDeploymentPostprocessing = 1;
		};
/* End PBXCopyFilesBuildPhase section */

/* Begin PBXFileReference section */
		8F8E122115D43153009FCA4C /* Program 5.2 */ = {isa = PBXFileReference; explicitFileType = "compiled.mach-o.executable"; includeInIndex = 0; path = "Program 5.2"; sourceTree = BUILT_PRODUCTS_DIR; };
		8F8E122515D43153009FCA4C /* Foundation.framework */ = {isa = PBXFileReference; lastKnownFileType = wrapper.framework; name = Foundation.framework; path = System/Library/Frameworks/Foundation.framework; sourceTree = SDKROOT; };
		8F8E122815D43153009FCA4C /* main.m */ = {isa = PBXFileReference; lastKnownFileType = sourcecode.c.objc; path = main.m; sourceTree = "<group>"; };
		8F8E122B15D43153009FCA4C /* Program 5.2-Prefix.pch */ = {isa = PBXFileReference; lastKnownFileType = sourcecode.c.h; path = "Program 5.2-Prefix.pch"; sourceTree = "<group>"; };
		8F8E122C15D43153009FCA4C /* Program_5_2.1 */ = {isa = PBXFileReference; lastKnownFileType = text.man; path = Program_5_2.1; sourceTree = "<group>"; };
/* End PBXFileReference section */

/* Begin PBXFrameworksBuildPhase section */
		8F8E121E15D43153009FCA4C /* Frameworks */ = {
			isa = PBXFrameworksBuildPhase;
			buildActionMask = 2147483647;
			files = (
				8F8E122615D43153009FCA4C /* Foundation.framework in Frameworks */,
			);
			runOnlyForDeploymentPostprocessing = 0;
		};
/* End PBXFrameworksBuildPhase section */

/* Begin PBXGroup section */
		8F8E121615D43153009FCA4C = {
			isa = PBXGroup;
			children = (
				8F8E122715D43153009FCA4C /* Program 5.2 */,
				8F8E122415D43153009FCA4C /* Frameworks */,
				8F8E122215D43153009FCA4C /* Products */,
			);
			sourceTree = "<group>";
		};
		8F8E122215D43153009FCA4C /* Products */ = {
			isa = PBXGroup;
			children = (
				8F8E122115D43153009FCA4C /* Program 5.2 */,
			);
			name = Products;
			sourceTree = "<group>";
		};
		8F8E122415D43153009FCA4C /* Frameworks */ = {
			isa = PBXGroup;
			children = (
				8F8E122515D43153009FCA4C /* Foundation.framework */,
			);
			name = Frameworks;
			sourceTree = "<group>";
		};
		8F8E122715D43153009FCA4C /* Program 5.2 */ = {
			isa = PBXGroup;
			children = (
				8F8E122815D43153009FCA4C /* main.m */,
				8F8E122C15D43153009FCA4C /* Program_5_2.1 */,
				8F8E122A15D43153009FCA4C /* Supporting Files */,
			);
			path = "Program 5.2";
			sourceTree = "<group>";
		};
		8F8E122A15D43153009FCA4C /* Supporting Files */ = {
			isa = PBXGroup;
			children = (
				8F8E122B15D43153009FCA4C /* Program 5.2-Prefix.pch */,
			);
			name = "Supporting Files";
			sourceTree = "<group>";
		};
/* End PBXGroup section */

/* Begin PBXNativeTarget section */
		8F8E122015D43153009FCA4C /* Program 5.2 */ = {
			isa = PBXNativeTarget;
			buildConfigurationList = 8F8E123015D43153009FCA4C /* Build configuration list for PBXNativeTarget "Program 5.2" */;
			buildPhases = (
				8F8E121D15D43153009FCA4C /* Sources */,
				8F8E121E15D43153009FCA4C /* Frameworks */,
				8F8E121F15D43153009FCA4C /* CopyFiles */,
			);
			buildRules = (
			);
			dependencies = (
			);
			name = "Program 5.2";
			productName = "Program 5.2";
			productReference = 8F8E122115D43153009FCA4C /* Program 5.2 */;
			productType = "com.apple.product-type.tool";
		};
/* End PBXNativeTarget section */

/* Begin PBXProject section */
		8F8E121815D43153009FCA4C /* Project object */ = {
			isa = PBXProject;
			attributes = {
				LastUpgradeCheck = 0440;
				ORGANIZATIONNAME = "23 * Romanovski * 23";
			};
			buildConfigurationList = 8F8E121B15D43153009FCA4C /* Build configuration list for PBXProject "Program 5.2" */;
			compatibilityVersion = "Xcode 3.2";
			developmentRegion = English;
			hasScannedForEncodings = 0;
			knownRegions = (
				en,
			);
			mainGroup = 8F8E121615D43153009FCA4C;
			productRefGroup = 8F8E122215D43153009FCA4C /* Products */;
			projectDirPath = "";
			projectRoot = "";
			targets = (
				8F8E122015D43153009FCA4C /* Program 5.2 */,
			);
		};
/* End PBXProject section */

/* Begin PBXSourcesBuildPhase section */
		8F8E121D15D43153009FCA4C /* Sources */ = {
			isa = PBXSourcesBuildPhase;
			buildActionMask = 2147483647;
			files = (
				8F8E122915D43153009FCA4C /* main.m in Sources */,
			);
			runOnlyForDeploymentPostprocessing = 0;
		};
/* End PBXSourcesBuildPhase section */

/* Begin XCBuildConfiguration section */
		8F8E122E15D43153009FCA4C /* Debug */ = {
			isa = XCBuildConfiguration;
			buildSettings = {
				ALWAYS_SEARCH_USER_PATHS = NO;
				ARCHS = "$(ARCHS_STANDARD_64_BIT)";
				CLANG_CXX_LANGUAGE_STANDARD = "gnu++0x";
				CLANG_WARN__DUPLICATE_METHOD_MATCH = YES;
				COPY_PHASE_STRIP = NO;
				GCC_C_LANGUAGE_STANDARD = gnu99;
				GCC_DYNAMIC_NO_PIC = NO;
				GCC_ENABLE_OBJC_EXCEPTIONS = YES;
				GCC_OPTIMIZATION_LEVEL = 0;
				GCC_PREPROCESSOR_DEFINITIONS = (
					"DEBUG=1",
					"$(inherited)",
				);
				GCC_SYMBOLS_PRIVATE_EXTERN = NO;
				GCC_WARN_64_TO_32_BIT_CONVERSION = YES;
				GCC_WARN_ABOUT_RETURN_TYPE = YES;
				GCC_WARN_UNINITIALIZED_AUTOS = YES;
				GCC_WARN_UNUSED_VARIABLE = YES;
				MACOSX_DEPLOYMENT_TARGET = 10.7;
				ONLY_ACTIVE_ARCH = YES;
				SDKROOT = macosx;
			};
			name = Debug;
		};
		8F8E122F15D43153009FCA4C /* Release */ = {
			isa = XCBuildConfiguration;
			buildSettings = {
				ALWAYS_SEARCH_USER_PATHS = NO;
				ARCHS = "$(ARCHS_STANDARD_64_BIT)";
				CLANG_CXX_LANGUAGE_STANDARD = "gnu++0x";
				CLANG_WARN__DUPLICATE_METHOD_MATCH = YES;
				COPY_PHASE_STRIP = YES;
				DEBUG_INFORMATION_FORMAT = "dwarf-with-dsym";
				GCC_C_LANGUAGE_STANDARD = gnu99;
				GCC_ENABLE_OBJC_EXCEPTIONS = YES;
				GCC_WARN_64_TO_32_BIT_CONVERSION = YES;
				GCC_WARN_ABOUT_RETURN_TYPE = YES;
				GCC_WARN_UNINITIALIZED_AUTOS = YES;
				GCC_WARN_UNUSED_VARIABLE = YES;
				MACOSX_DEPLOYMENT_TARGET = 10.7;
				SDKROOT = macosx;
			};
			name = Release;
		};
		8F8E123115D43153009FCA4C /* Debug */ = {
			isa = XCBuildConfiguration;
			buildSettings = {
				GCC_PRECOMPILE_PREFIX_HEADER = YES;
				GCC_PREFIX_HEADER = "Program 5.2/Program 5.2-Prefix.pch";
				PRODUCT_NAME = "$(TARGET_NAME)";
			};
			name = Debug;
		};
		8F8E123215D43153009FCA4C /* Release */ = {
			isa = XCBuildConfiguration;
			buildSettings = {
				GCC_PRECOMPILE_PREFIX_HEADER = YES;
				GCC_PREFIX_HEADER = "Program 5.2/Program 5.2-Prefix.pch";
				PRODUCT_NAME = "$(TARGET_NAME)";
			};
			name = Release;
		};
/* End XCBuildConfiguration section */

/* Begin XCConfigurationList section */
		8F8E121B15D43153009FCA4C /* Build configuration list for PBXProject "Program 5.2" */ = {
			isa = XCConfigurationList;
			buildConfigurations = (
				8F8E122E15D43153009FCA4C /* Debug */,
				8F8E122F15D43153009FCA4C /* Release */,
			);
			defaultConfigurationIsVisible = 0;
			defaultConfigurationName = Release;
		};
		8F8E123015D43153009FCA4C /* Build configuration list for PBXNativeTarget "Program 5.2" */ = {
			isa = XCConfigurationList;
			buildConfigurations = (
				8F8E123115D43153009FCA4C /* Debug */,
				8F8E123215D43153009FCA4C /* Release */,
			);
			defaultConfigurationIsVisible = 0;
		};
/* End XCConfigurationList section */
	};
	rootObject = 8F8E121815D43153009FCA4C /* Project object */;
}
